
Microsoft Visual Studio Solution File, Format Version 12.00
# Visual Studio Version 16
VisualStudioVersion = 16.0.32126.315
MinimumVisualStudioVersion = 10.0.40219.1
Project("{9A19103F-16F7-4668-BE54-9A1E7A4F7556}") = "Snake", "Snake\Snake.csproj", "{22D59761-A3DB-4C34-8F6E-E6C9EF1BBB80}"
EndProject
Project("{9A19103F-16F7-4668-BE54-9A1E7A4F7556}") = "AeroPlane Chess", "AeroPlane Chess\AeroPlane Chess.csproj", "{86A49338-1D4B-452B-849F-D3A73591CFA5}"
EndProject
Project("{FAE04EC0-301F-11D3-BF4B-00C04F79EFBC}") = "Tetris", "Tetris\Tetris.csproj", "{BCBF4DFE-9698-4CAD-BC1A-F6DFA78E7DA8}"
EndProject
Global
	GlobalSection(SolutionConfigurationPlatforms) = preSolution
		Debug|Any CPU = Debug|Any CPU
		Release|Any CPU = Release|Any CPU
	EndGlobalSection
	GlobalSection(ProjectConfigurationPlatforms) = postSolution
		{22D59761-A3DB-4C34-8F6E-E6C9EF1BBB80}.Debug|Any CPU.ActiveCfg = Debug|Any CPU
		{22D59761-A3DB-4C34-8F6E-E6C9EF1BBB80}.Debug|Any CPU.Build.0 = Debug|Any CPU
		{22D59761-A3DB-4C34-8F6E-E6C9EF1BBB80}.Release|Any CPU.ActiveCfg = Release|Any CPU
		{22D59761-A3DB-4C34-8F6E-E6C9EF1BBB80}.Release|Any CPU.Build.0 = Release|Any CPU
		{86A49338-1D4B-452B-849F-D3A73591CFA5}.Debug|Any CPU.ActiveCfg = Debug|Any CPU
		{86A49338-1D4B-452B-849F-D3A73591CFA5}.Debug|Any CPU.Build.0 = Debug|Any CPU
		{86A49338-1D4B-452B-849F-D3A73591CFA5}.Release|Any CPU.ActiveCfg = Release|Any CPU
		{86A49338-1D4B-452B-849F-D3A73591CFA5}.Release|Any CPU.Build.0 = Release|Any CPU
		{BCBF4DFE-9698-4CAD-BC1A-F6DFA78E7DA8}.Debug|Any CPU.ActiveCfg = Debug|Any CPU
		{BCBF4DFE-9698-4CAD-BC1A-F6DFA78E7DA8}.Debug|Any CPU.Build.0 = Debug|Any CPU
		{BCBF4DFE-9698-4CAD-BC1A-F6DFA78E7DA8}.Release|Any CPU.ActiveCfg = Release|Any CPU
		{BCBF4DFE-9698-4CAD-BC1A-F6DFA78E7DA8}.Release|Any CPU.Build.0 = Release|Any CPU
	EndGlobalSection
	GlobalSection(SolutionProperties) = preSolution
		HideSolutionNode = FALSE
	EndGlobalSection
	GlobalSection(ExtensibilityGlobals) = postSolution
		SolutionGuid = {F04899A7-BDFE-4FD9-8811-2BCCE0CE6183}
	EndGlobalSection
EndGlobal
